
Microsoft Visual Studio Solution File, Format Version 12.00
# Visual Studio 15
VisualStudioVersion = 15.0.28307.421
MinimumVisualStudioVersion = 10.0.40219.1
Project("{FAE04EC0-301F-11D3-BF4B-00C04F79EFBC}") = "Polymorphism", "Polymorphism\Polymorphism.csproj", "{6FF85638-C853-41E3-A68A-20AE5474BCA4}"
EndProject
Global
	GlobalSection(SolutionConfigurationPlatforms) = preSolution
		Debug|Any CPU = Debug|Any CPU
		Release|Any CPU = Release|Any CPU
	EndGlobalSection
	GlobalSection(ProjectConfigurationPlatforms) = postSolution
		{6FF85638-C853-41E3-A68A-20AE5474BCA4}.Debug|Any CPU.ActiveCfg = Debug|Any CPU
		{6FF85638-C853-41E3-A68A-20AE5474BCA4}.Debug|Any CPU.Build.0 = Debug|Any CPU
		{6FF85638-C853-41E3-A68A-20AE5474BCA4}.Release|Any CPU.ActiveCfg = Release|Any CPU
		{6FF85638-C853-41E3-A68A-20AE5474BCA4}.Release|Any CPU.Build.0 = Release|Any CPU
	EndGlobalSection
	GlobalSection(SolutionProperties) = preSolution
		HideSolutionNode = FALSE
	EndGlobalSection
	GlobalSection(ExtensibilityGlobals) = postSolution
		SolutionGuid = {B4479B2B-A110-4AF0-94F2-15A27523E615}
	EndGlobalSection
EndGlobal
